
Microsoft Visual Studio Solution File, Format Version 12.00
# Visual Studio Version 16
VisualStudioVersion = 16.0.30011.22
MinimumVisualStudioVersion = 10.0.40219.1
Project("{FAE04EC0-301F-11D3-BF4B-00C04F79EFBC}") = "Sunset-SunriseAPI_WPFCore", "Sunset-SunriseAPI_WPFCore\Sunset-SunriseAPI_WPFCore.csproj", "{AF986341-B3D3-412D-A81F-3F2FBA9F0B53}"
EndProject
Global
	GlobalSection(SolutionConfigurationPlatforms) = preSolution
		Debug|Any CPU = Debug|Any CPU
		Release|Any CPU = Release|Any CPU
	EndGlobalSection
	GlobalSection(ProjectConfigurationPlatforms) = postSolution
		{AF986341-B3D3-412D-A81F-3F2FBA9F0B53}.Debug|Any CPU.ActiveCfg = Debug|Any CPU
		{AF986341-B3D3-412D-A81F-3F2FBA9F0B53}.Debug|Any CPU.Build.0 = Debug|Any CPU
		{AF986341-B3D3-412D-A81F-3F2FBA9F0B53}.Release|Any CPU.ActiveCfg = Release|Any CPU
		{AF986341-B3D3-412D-A81F-3F2FBA9F0B53}.Release|Any CPU.Build.0 = Release|Any CPU
	EndGlobalSection
	GlobalSection(SolutionProperties) = preSolution
		HideSolutionNode = FALSE
	EndGlobalSection
	GlobalSection(ExtensibilityGlobals) = postSolution
		SolutionGuid = {13B14E51-4AAC-482B-B369-7950B60C43CD}
	EndGlobalSection
EndGlobal
